
Microsoft Visual Studio Solution File, Format Version 12.00
# Visual Studio Version 17
VisualStudioVersion = 17.4.33213.308
MinimumVisualStudioVersion = 10.0.40219.1
Project("{FAE04EC0-301F-11D3-BF4B-00C04F79EFBC}") = "firstapp", "firstapp\firstapp.csproj", "{7295B47A-CBC3-4BD0-96DF-75B93EB30F0E}"
EndProject
Global
	GlobalSection(SolutionConfigurationPlatforms) = preSolution
		Debug|Any CPU = Debug|Any CPU
		Release|Any CPU = Release|Any CPU
	EndGlobalSection
	GlobalSection(ProjectConfigurationPlatforms) = postSolution
		{7295B47A-CBC3-4BD0-96DF-75B93EB30F0E}.Debug|Any CPU.ActiveCfg = Debug|Any CPU
		{7295B47A-CBC3-4BD0-96DF-75B93EB30F0E}.Debug|Any CPU.Build.0 = Debug|Any CPU
		{7295B47A-CBC3-4BD0-96DF-75B93EB30F0E}.Release|Any CPU.ActiveCfg = Release|Any CPU
		{7295B47A-CBC3-4BD0-96DF-75B93EB30F0E}.Release|Any CPU.Build.0 = Release|Any CPU
	EndGlobalSection
	GlobalSection(SolutionProperties) = preSolution
		HideSolutionNode = FALSE
	EndGlobalSection
	GlobalSection(ExtensibilityGlobals) = postSolution
		SolutionGuid = {E946B8EA-FCB8-4A55-A12F-9E10A6E1D261}
	EndGlobalSection
EndGlobal
